
Microsoft Visual Studio Solution File, Format Version 12.00
# Visual Studio Version 17
VisualStudioVersion = 17.11.35327.3
MinimumVisualStudioVersion = 10.0.40219.1
Project("{8BC9CEB8-8B4A-11D0-8D11-00A0C91BC942}") = "Jogo da forca", "Jogo da forca\Jogo da forca.vcxproj", "{DA32DBB6-1A5C-4899-B4BA-86CDD7402790}"
EndProject
Global
	GlobalSection(SolutionConfigurationPlatforms) = preSolution
		Debug|x64 = Debug|x64
		Debug|x86 = Debug|x86
		Release|x64 = Release|x64
		Release|x86 = Release|x86
	EndGlobalSection
	GlobalSection(ProjectConfigurationPlatforms) = postSolution
		{DA32DBB6-1A5C-4899-B4BA-86CDD7402790}.Debug|x64.ActiveCfg = Debug|x64
		{DA32DBB6-1A5C-4899-B4BA-86CDD7402790}.Debug|x64.Build.0 = Debug|x64
		{DA32DBB6-1A5C-4899-B4BA-86CDD7402790}.Debug|x86.ActiveCfg = Debug|Win32
		{DA32DBB6-1A5C-4899-B4BA-86CDD7402790}.Debug|x86.Build.0 = Debug|Win32
		{DA32DBB6-1A5C-4899-B4BA-86CDD7402790}.Release|x64.ActiveCfg = Release|x64
		{DA32DBB6-1A5C-4899-B4BA-86CDD7402790}.Release|x64.Build.0 = Release|x64
		{DA32DBB6-1A5C-4899-B4BA-86CDD7402790}.Release|x86.ActiveCfg = Release|Win32
		{DA32DBB6-1A5C-4899-B4BA-86CDD7402790}.Release|x86.Build.0 = Release|Win32
	EndGlobalSection
	GlobalSection(SolutionProperties) = preSolution
		HideSolutionNode = FALSE
	EndGlobalSection
	GlobalSection(ExtensibilityGlobals) = postSolution
		SolutionGuid = {D2E8F982-9B2B-4BEE-A3FF-FB64CF20C97D}
	EndGlobalSection
EndGlobal
